
Microsoft Visual Studio Solution File, Format Version 12.00
Project("{FAE04EC0-301F-11D3-BF4B-00C04F79EFBC}") = "Waifu", "Waifu\Waifu.csproj", "{9996D564-8C94-4AC5-B9A0-06B5CEEED35C}"
EndProject
Project("{FAE04EC0-301F-11D3-BF4B-00C04F79EFBC}") = "CharacterAI.Client", "Dependencies\CharacterAI-NET-API-Wrapper\CharacterAI.Client\CharacterAI.Client.csproj", "{96947429-2C60-4B64-BA3D-869BE967EC34}"
EndProject
Project("{FAE04EC0-301F-11D3-BF4B-00C04F79EFBC}") = "PuppeteerLib", "Dependencies\CharacterAI-NET-API-Wrapper\PuppeteerLib\PuppeteerLib.csproj", "{AE273735-F6B8-492C-ADBA-47548E6730CF}"
EndProject
Project("{FAE04EC0-301F-11D3-BF4B-00C04F79EFBC}") = "SharedUtils", "Dependencies\CharacterAI-NET-API-Wrapper\SharedUtils\SharedUtils.csproj", "{9880E9D3-B1EA-45DA-A63A-0A0BAB2F466C}"
EndProject
Project("{FAE04EC0-301F-11D3-BF4B-00C04F79EFBC}") = "GlobalLowLevelHooks", "Dependencies\Global-Low-Level-Key-Board-And-Mouse-Hook\GlobalLowLevelHooks\GlobalLowLevelHooks.csproj", "{77EB5498-54DD-4DCA-AFF6-F9B2C6F97FE3}"
EndProject
Global
	GlobalSection(SolutionConfigurationPlatforms) = preSolution
		Debug|Any CPU = Debug|Any CPU
		Release|Any CPU = Release|Any CPU
	EndGlobalSection
	GlobalSection(ProjectConfigurationPlatforms) = postSolution
		{9996D564-8C94-4AC5-B9A0-06B5CEEED35C}.Debug|Any CPU.ActiveCfg = Debug|Any CPU
		{9996D564-8C94-4AC5-B9A0-06B5CEEED35C}.Debug|Any CPU.Build.0 = Debug|Any CPU
		{9996D564-8C94-4AC5-B9A0-06B5CEEED35C}.Release|Any CPU.ActiveCfg = Release|Any CPU
		{9996D564-8C94-4AC5-B9A0-06B5CEEED35C}.Release|Any CPU.Build.0 = Release|Any CPU
		{96947429-2C60-4B64-BA3D-869BE967EC34}.Debug|Any CPU.ActiveCfg = Debug|Any CPU
		{96947429-2C60-4B64-BA3D-869BE967EC34}.Debug|Any CPU.Build.0 = Debug|Any CPU
		{96947429-2C60-4B64-BA3D-869BE967EC34}.Release|Any CPU.ActiveCfg = Release|Any CPU
		{96947429-2C60-4B64-BA3D-869BE967EC34}.Release|Any CPU.Build.0 = Release|Any CPU
		{AE273735-F6B8-492C-ADBA-47548E6730CF}.Debug|Any CPU.ActiveCfg = Debug|Any CPU
		{AE273735-F6B8-492C-ADBA-47548E6730CF}.Debug|Any CPU.Build.0 = Debug|Any CPU
		{AE273735-F6B8-492C-ADBA-47548E6730CF}.Release|Any CPU.ActiveCfg = Release|Any CPU
		{AE273735-F6B8-492C-ADBA-47548E6730CF}.Release|Any CPU.Build.0 = Release|Any CPU
		{9880E9D3-B1EA-45DA-A63A-0A0BAB2F466C}.Debug|Any CPU.ActiveCfg = Debug|Any CPU
		{9880E9D3-B1EA-45DA-A63A-0A0BAB2F466C}.Debug|Any CPU.Build.0 = Debug|Any CPU
		{9880E9D3-B1EA-45DA-A63A-0A0BAB2F466C}.Release|Any CPU.ActiveCfg = Release|Any CPU
		{9880E9D3-B1EA-45DA-A63A-0A0BAB2F466C}.Release|Any CPU.Build.0 = Release|Any CPU
		{77EB5498-54DD-4DCA-AFF6-F9B2C6F97FE3}.Debug|Any CPU.ActiveCfg = Debug|Any CPU
		{77EB5498-54DD-4DCA-AFF6-F9B2C6F97FE3}.Debug|Any CPU.Build.0 = Debug|Any CPU
		{77EB5498-54DD-4DCA-AFF6-F9B2C6F97FE3}.Release|Any CPU.ActiveCfg = Release|Any CPU
		{77EB5498-54DD-4DCA-AFF6-F9B2C6F97FE3}.Release|Any CPU.Build.0 = Release|Any CPU
	EndGlobalSection
EndGlobal
